
Microsoft Visual Studio Solution File, Format Version 12.00
# Visual Studio 15
VisualStudioVersion = 15.0.28307.489
MinimumVisualStudioVersion = 10.0.40219.1
Project("{FAE04EC0-301F-11D3-BF4B-00C04F79EFBC}") = "Producer-Consumer", "Producer-Consumer\Producer-Consumer.csproj", "{95EC8893-4526-4F53-9C92-F0A6EE95F07F}"
EndProject
Global
	GlobalSection(SolutionConfigurationPlatforms) = preSolution
		Debug|Any CPU = Debug|Any CPU
		Release|Any CPU = Release|Any CPU
	EndGlobalSection
	GlobalSection(ProjectConfigurationPlatforms) = postSolution
		{95EC8893-4526-4F53-9C92-F0A6EE95F07F}.Debug|Any CPU.ActiveCfg = Debug|Any CPU
		{95EC8893-4526-4F53-9C92-F0A6EE95F07F}.Debug|Any CPU.Build.0 = Debug|Any CPU
		{95EC8893-4526-4F53-9C92-F0A6EE95F07F}.Release|Any CPU.ActiveCfg = Release|Any CPU
		{95EC8893-4526-4F53-9C92-F0A6EE95F07F}.Release|Any CPU.Build.0 = Release|Any CPU
	EndGlobalSection
	GlobalSection(SolutionProperties) = preSolution
		HideSolutionNode = FALSE
	EndGlobalSection
	GlobalSection(ExtensibilityGlobals) = postSolution
		SolutionGuid = {F242F9C5-65C5-4AA1-A015-B040CA362202}
	EndGlobalSection
EndGlobal
